
Microsoft Visual Studio Solution File, Format Version 12.00
# Visual Studio Version 17
VisualStudioVersion = 17.11.35222.181
MinimumVisualStudioVersion = 10.0.40219.1
Project("{FAE04EC0-301F-11D3-BF4B-00C04F79EFBC}") = "DAS Def 1", "DAS Def 1.csproj", "{68096EEE-ED88-47A6-94E7-2547EE6252F7}"
EndProject
Global
	GlobalSection(SolutionConfigurationPlatforms) = preSolution
		Debug|Any CPU = Debug|Any CPU
		Release|Any CPU = Release|Any CPU
	EndGlobalSection
	GlobalSection(ProjectConfigurationPlatforms) = postSolution
		{68096EEE-ED88-47A6-94E7-2547EE6252F7}.Debug|Any CPU.ActiveCfg = Debug|Any CPU
		{68096EEE-ED88-47A6-94E7-2547EE6252F7}.Debug|Any CPU.Build.0 = Debug|Any CPU
		{68096EEE-ED88-47A6-94E7-2547EE6252F7}.Release|Any CPU.ActiveCfg = Release|Any CPU
		{68096EEE-ED88-47A6-94E7-2547EE6252F7}.Release|Any CPU.Build.0 = Release|Any CPU
	EndGlobalSection
	GlobalSection(SolutionProperties) = preSolution
		HideSolutionNode = FALSE
	EndGlobalSection
	GlobalSection(ExtensibilityGlobals) = postSolution
		SolutionGuid = {4E58B6B2-4C64-478C-8904-14FDEFFD5A75}
	EndGlobalSection
EndGlobal
